// !$*UTF8*$!
{
	archiveVersion = 1;
	classes = {
	};
	objectVersion = 56;
	objects = {

/* Begin PBXBuildFile section */
		D6329E4429FF5F5200FB2F96 /* AppDelegate.swift in Sources */ = {isa = PBXBuildFile; fileRef = D6329E4329FF5F5200FB2F96 /* AppDelegate.swift */; };
		D6329E4629FF5F5200FB2F96 /* SceneDelegate.swift in Sources */ = {isa = PBXBuildFile; fileRef = D6329E4529FF5F5200FB2F96 /* SceneDelegate.swift */; };
		D6329E4B29FF5F5200FB2F96 /* Main.storyboard in Resources */ = {isa = PBXBuildFile; fileRef = D6329E4929FF5F5200FB2F96 /* Main.storyboard */; };
		D6329E4E29FF5F5200FB2F96 /* Multiple_Routes_MapKit.xcdatamodeld in Sources */ = {isa = PBXBuildFile; fileRef = D6329E4C29FF5F5200FB2F96 /* Multiple_Routes_MapKit.xcdatamodeld */; };
		D6329E5029FF5F5300FB2F96 /* Assets.xcassets in Resources */ = {isa = PBXBuildFile; fileRef = D6329E4F29FF5F5300FB2F96 /* Assets.xcassets */; };
		D6329E5329FF5F5300FB2F96 /* LaunchScreen.storyboard in Resources */ = {isa = PBXBuildFile; fileRef = D6329E5129FF5F5300FB2F96 /* LaunchScreen.storyboard */; };
		D6329E5B29FF608900FB2F96 /* RouteViewController.swift in Sources */ = {isa = PBXBuildFile; fileRef = D6329E5A29FF608900FB2F96 /* RouteViewController.swift */; };
/* End PBXBuildFile section */

/* Begin PBXFileReference section */
		D6329E4029FF5F5200FB2F96 /* Multiple Routes MapKit.app */ = {isa = PBXFileReference; explicitFileType = wrapper.application; includeInIndex = 0; path = "Multiple Routes MapKit.app"; sourceTree = BUILT_PRODUCTS_DIR; };
		D6329E4329FF5F5200FB2F96 /* AppDelegate.swift */ = {isa = PBXFileReference; lastKnownFileType = sourcecode.swift; path = AppDelegate.swift; sourceTree = "<group>"; };
		D6329E4529FF5F5200FB2F96 /* SceneDelegate.swift */ = {isa = PBXFileReference; lastKnownFileType = sourcecode.swift; path = SceneDelegate.swift; sourceTree = "<group>"; };
		D6329E4A29FF5F5200FB2F96 /* Base */ = {isa = PBXFileReference; lastKnownFileType = file.storyboard; name = Base; path = Base.lproj/Main.storyboard; sourceTree = "<group>"; };
		D6329E4D29FF5F5200FB2F96 /* Multiple_Routes_MapKit.xcdatamodel */ = {isa = PBXFileReference; lastKnownFileType = wrapper.xcdatamodel; path = Multiple_Routes_MapKit.xcdatamodel; sourceTree = "<group>"; };
		D6329E4F29FF5F5300FB2F96 /* Assets.xcassets */ = {isa = PBXFileReference; lastKnownFileType = folder.assetcatalog; path = Assets.xcassets; sourceTree = "<group>"; };
		D6329E5229FF5F5300FB2F96 /* Base */ = {isa = PBXFileReference; lastKnownFileType = file.storyboard; name = Base; path = Base.lproj/LaunchScreen.storyboard; sourceTree = "<group>"; };
		D6329E5429FF5F5300FB2F96 /* Info.plist */ = {isa = PBXFileReference; lastKnownFileType = text.plist.xml; path = Info.plist; sourceTree = "<group>"; };
		D6329E5A29FF608900FB2F96 /* RouteViewController.swift */ = {isa = PBXFileReference; lastKnownFileType = sourcecode.swift; path = RouteViewController.swift; sourceTree = "<group>"; };
/* End PBXFileReference section */

/* Begin PBXFrameworksBuildPhase section */
		D6329E3D29FF5F5200FB2F96 /* Frameworks */ = {
			isa = PBXFrameworksBuildPhase;
			buildActionMask = 2147483647;
			files = (
			);
			runOnlyForDeploymentPostprocessing = 0;
		};
/* End PBXFrameworksBuildPhase section */

/* Begin PBXGroup section */
		D6329E3729FF5F5200FB2F96 = {
			isa = PBXGroup;
			children = (
				D6329E4229FF5F5200FB2F96 /* Multiple Routes MapKit */,
				D6329E4129FF5F5200FB2F96 /* Products */,
			);
			sourceTree = "<group>";
		};
		D6329E4129FF5F5200FB2F96 /* Products */ = {
			isa = PBXGroup;
			children = (
				D6329E4029FF5F5200FB2F96 /* Multiple Routes MapKit.app */,
			);
			name = Products;
			sourceTree = "<group>";
		};
		D6329E4229FF5F5200FB2F96 /* Multiple Routes MapKit */ = {
			isa = PBXGroup;
			children = (
				D6329E4329FF5F5200FB2F96 /* AppDelegate.swift */,
				D6329E4529FF5F5200FB2F96 /* SceneDelegate.swift */,
				D6329E4929FF5F5200FB2F96 /* Main.storyboard */,
				D6329E4F29FF5F5300FB2F96 /* Assets.xcassets */,
				D6329E5129FF5F5300FB2F96 /* LaunchScreen.storyboard */,
				D6329E5429FF5F5300FB2F96 /* Info.plist */,
				D6329E4C29FF5F5200FB2F96 /* Multiple_Routes_MapKit.xcdatamodeld */,
				D6329E5A29FF608900FB2F96 /* RouteViewController.swift */,
			);
			path = "Multiple Routes MapKit";
			sourceTree = "<group>";
		};
/* End PBXGroup section */

/* Begin PBXNativeTarget section */
		D6329E3F29FF5F5200FB2F96 /* Multiple Routes MapKit */ = {
			isa = PBXNativeTarget;
			buildConfigurationList = D6329E5729FF5F5300FB2F96 /* Build configuration list for PBXNativeTarget "Multiple Routes MapKit" */;
			buildPhases = (
				D6329E3C29FF5F5200FB2F96 /* Sources */,
				D6329E3D29FF5F5200FB2F96 /* Frameworks */,
				D6329E3E29FF5F5200FB2F96 /* Resources */,
			);
			buildRules = (
			);
			dependencies = (
			);
			name = "Multiple Routes MapKit";
			productName = "Multiple Routes MapKit";
			productReference = D6329E4029FF5F5200FB2F96 /* Multiple Routes MapKit.app */;
			productType = "com.apple.product-type.application";
		};
/* End PBXNativeTarget section */

/* Begin PBXProject section */
		D6329E3829FF5F5200FB2F96 /* Project object */ = {
			isa = PBXProject;
			attributes = {
				BuildIndependentTargetsInParallel = 1;
				LastSwiftUpdateCheck = 1430;
				LastUpgradeCheck = 1430;
				TargetAttributes = {
					D6329E3F29FF5F5200FB2F96 = {
						CreatedOnToolsVersion = 14.3;
					};
				};
			};
			buildConfigurationList = D6329E3B29FF5F5200FB2F96 /* Build configuration list for PBXProject "Multiple Routes MapKit" */;
			compatibilityVersion = "Xcode 14.0";
			developmentRegion = en;
			hasScannedForEncodings = 0;
			knownRegions = (
				en,
				Base,
			);
			mainGroup = D6329E3729FF5F5200FB2F96;
			productRefGroup = D6329E4129FF5F5200FB2F96 /* Products */;
			projectDirPath = "";
			projectRoot = "";
			targets = (
				D6329E3F29FF5F5200FB2F96 /* Multiple Routes MapKit */,
			);
		};
/* End PBXProject section */

/* Begin PBXResourcesBuildPhase section */
		D6329E3E29FF5F5200FB2F96 /* Resources */ = {
			isa = PBXResourcesBuildPhase;
			buildActionMask = 2147483647;
			files = (
				D6329E5329FF5F5300FB2F96 /* LaunchScreen.storyboard in Resources */,
				D6329E5029FF5F5300FB2F96 /* Assets.xcassets in Resources */,
				D6329E4B29FF5F5200FB2F96 /* Main.storyboard in Resources */,
			);
			runOnlyForDeploymentPostprocessing = 0;
		};
/* End PBXResourcesBuildPhase section */

/* Begin PBXSourcesBuildPhase section */
		D6329E3C29FF5F5200FB2F96 /* Sources */ = {
			isa = PBXSourcesBuildPhase;
			buildActionMask = 2147483647;
			files = (
				D6329E4E29FF5F5200FB2F96 /* Multiple_Routes_MapKit.xcdatamodeld in Sources */,
				D6329E4429FF5F5200FB2F96 /* AppDelegate.swift in Sources */,
				D6329E5B29FF608900FB2F96 /* RouteViewController.swift in Sources */,
				D6329E4629FF5F5200FB2F96 /* SceneDelegate.swift in Sources */,
			);
			runOnlyForDeploymentPostprocessing = 0;
		};
/* End PBXSourcesBuildPhase section */

/* Begin PBXVariantGroup section */
		D6329E4929FF5F5200FB2F96 /* Main.storyboard */ = {
			isa = PBXVariantGroup;
			children = (
				D6329E4A29FF5F5200FB2F96 /* Base */,
			);
			name = Main.storyboard;
			sourceTree = "<group>";
		};
		D6329E5129FF5F5300FB2F96 /* LaunchScreen.storyboard */ = {
			isa = PBXVariantGroup;
			children = (
				D6329E5229FF5F5300FB2F96 /* Base */,
			);
			name = LaunchScreen.storyboard;
			sourceTree = "<group>";
		};
/* End PBXVariantGroup section */

/* Begin XCBuildConfiguration section */
		D6329E5529FF5F5300FB2F96 /* Debug */ = {
			isa = XCBuildConfiguration;
			buildSettings = {
				ALWAYS_SEARCH_USER_PATHS = NO;
				CLANG_ANALYZER_NONNULL = YES;
				CLANG_ANALYZER_NUMBER_OBJECT_CONVERSION = YES_AGGRESSIVE;
				CLANG_CXX_LANGUAGE_STANDARD = "gnu++20";
				CLANG_ENABLE_MODULES = YES;
				CLANG_ENABLE_OBJC_ARC = YES;
				CLANG_ENABLE_OBJC_WEAK = YES;
				CLANG_WARN_BLOCK_CAPTURE_AUTORELEASING = YES;
				CLANG_WARN_BOOL_CONVERSION = YES;
				CLANG_WARN_COMMA = YES;
				CLANG_WARN_CONSTANT_CONVERSION = YES;
				CLANG_WARN_DEPRECATED_OBJC_IMPLEMENTATIONS = YES;
				CLANG_WARN_DIRECT_OBJC_ISA_USAGE = YES_ERROR;
				CLANG_WARN_DOCUMENTATION_COMMENTS = YES;
				CLANG_WARN_EMPTY_BODY = YES;
				CLANG_WARN_ENUM_CONVERSION = YES;
				CLANG_WARN_INFINITE_RECURSION = YES;
				CLANG_WARN_INT_CONVERSION = YES;
				CLANG_WARN_NON_LITERAL_NULL_CONVERSION = YES;
				CLANG_WARN_OBJC_IMPLICIT_RETAIN_SELF = YES;
				CLANG_WARN_OBJC_LITERAL_CONVERSION = YES;
				CLANG_WARN_OBJC_ROOT_CLASS = YES_ERROR;
				CLANG_WARN_QUOTED_INCLUDE_IN_FRAMEWORK_HEADER = YES;
				CLANG_WARN_RANGE_LOOP_ANALYSIS = YES;
				CLANG_WARN_STRICT_PROTOTYPES = YES;
				CLANG_WARN_SUSPICIOUS_MOVE = YES;
				CLANG_WARN_UNGUARDED_AVAILABILITY = YES_AGGRESSIVE;
				CLANG_WARN_UNREACHABLE_CODE = YES;
				CLANG_WARN__DUPLICATE_METHOD_MATCH = YES;
				COPY_PHASE_STRIP = NO;
				DEBUG_INFORMATION_FORMAT = dwarf;
				ENABLE_STRICT_OBJC_MSGSEND = YES;
				ENABLE_TESTABILITY = YES;
				GCC_C_LANGUAGE_STANDARD = gnu11;
				GCC_DYNAMIC_NO_PIC = NO;
				GCC_NO_COMMON_BLOCKS = YES;
				GCC_OPTIMIZATION_LEVEL = 0;
				GCC_PREPROCESSOR_DEFINITIONS = (
					"DEBUG=1",
					"$(inherited)",
				);
				GCC_WARN_64_TO_32_BIT_CONVERSION = YES;
				GCC_WARN_ABOUT_RETURN_TYPE = YES_ERROR;
				GCC_WARN_UNDECLARED_SELECTOR = YES;
				GCC_WARN_UNINITIALIZED_AUTOS = YES_AGGRESSIVE;
				GCC_WARN_UNUSED_FUNCTION = YES;
				GCC_WARN_UNUSED_VARIABLE = YES;
				IPHONEOS_DEPLOYMENT_TARGET = 16.4;
				MTL_ENABLE_DEBUG_INFO = INCLUDE_SOURCE;
				MTL_FAST_MATH = YES;
				ONLY_ACTIVE_ARCH = YES;
				SDKROOT = iphoneos;
				SWIFT_ACTIVE_COMPILATION_CONDITIONS = DEBUG;
				SWIFT_OPTIMIZATION_LEVEL = "-Onone";
			};
			name = Debug;
		};
		D6329E5629FF5F5300FB2F96 /* Release */ = {
			isa = XCBuildConfiguration;
			buildSettings = {
				ALWAYS_SEARCH_USER_PATHS = NO;
				CLANG_ANALYZER_NONNULL = YES;
				CLANG_ANALYZER_NUMBER_OBJECT_CONVERSION = YES_AGGRESSIVE;
				CLANG_CXX_LANGUAGE_STANDARD = "gnu++20";
				CLANG_ENABLE_MODULES = YES;
				CLANG_ENABLE_OBJC_ARC = YES;
				CLANG_ENABLE_OBJC_WEAK = YES;
				CLANG_WARN_BLOCK_CAPTURE_AUTORELEASING = YES;
				CLANG_WARN_BOOL_CONVERSION = YES;
				CLANG_WARN_COMMA = YES;
				CLANG_WARN_CONSTANT_CONVERSION = YES;
				CLANG_WARN_DEPRECATED_OBJC_IMPLEMENTATIONS = YES;
				CLANG_WARN_DIRECT_OBJC_ISA_USAGE = YES_ERROR;
				CLANG_WARN_DOCUMENTATION_COMMENTS = YES;
				CLANG_WARN_EMPTY_BODY = YES;
				CLANG_WARN_ENUM_CONVERSION = YES;
				CLANG_WARN_INFINITE_RECURSION = YES;
				CLANG_WARN_INT_CONVERSION = YES;
				CLANG_WARN_NON_LITERAL_NULL_CONVERSION = YES;
				CLANG_WARN_OBJC_IMPLICIT_RETAIN_SELF = YES;
				CLANG_WARN_OBJC_LITERAL_CONVERSION = YES;
				CLANG_WARN_OBJC_ROOT_CLASS = YES_ERROR;
				CLANG_WARN_QUOTED_INCLUDE_IN_FRAMEWORK_HEADER = YES;
				CLANG_WARN_RANGE_LOOP_ANALYSIS = YES;
				CLANG_WARN_STRICT_PROTOTYPES = YES;
				CLANG_WARN_SUSPICIOUS_MOVE = YES;
				CLANG_WARN_UNGUARDED_AVAILABILITY = YES_AGGRESSIVE;
				CLANG_WARN_UNREACHABLE_CODE = YES;
				CLANG_WARN__DUPLICATE_METHOD_MATCH = YES;
				COPY_PHASE_STRIP = NO;
				DEBUG_INFORMATION_FORMAT = "dwarf-with-dsym";
				ENABLE_NS_ASSERTIONS = NO;
				ENABLE_STRICT_OBJC_MSGSEND = YES;
				GCC_C_LANGUAGE_STANDARD = gnu11;
				GCC_NO_COMMON_BLOCKS = YES;
				GCC_WARN_64_TO_32_BIT_CONVERSION = YES;
				GCC_WARN_ABOUT_RETURN_TYPE = YES_ERROR;
				GCC_WARN_UNDECLARED_SELECTOR = YES;
				GCC_WARN_UNINITIALIZED_AUTOS = YES_AGGRESSIVE;
				GCC_WARN_UNUSED_FUNCTION = YES;
				GCC_WARN_UNUSED_VARIABLE = YES;
				IPHONEOS_DEPLOYMENT_TARGET = 16.4;
				MTL_ENABLE_DEBUG_INFO = NO;
				MTL_FAST_MATH = YES;
				SDKROOT = iphoneos;
				SWIFT_COMPILATION_MODE = wholemodule;
				SWIFT_OPTIMIZATION_LEVEL = "-O";
				VALIDATE_PRODUCT = YES;
			};
			name = Release;
		};
		D6329E5829FF5F5300FB2F96 /* Debug */ = {
			isa = XCBuildConfiguration;
			buildSettings = {
				ASSETCATALOG_COMPILER_APPICON_NAME = AppIcon;
				ASSETCATALOG_COMPILER_GLOBAL_ACCENT_COLOR_NAME = AccentColor;
				CODE_SIGN_STYLE = Automatic;
				CURRENT_PROJECT_VERSION = 1;
				DEVELOPMENT_TEAM = WPG5J57J5Q;
				GENERATE_INFOPLIST_FILE = YES;
				INFOPLIST_FILE = "Multiple Routes MapKit/Info.plist";
				INFOPLIST_KEY_UIApplicationSupportsIndirectInputEvents = YES;
				INFOPLIST_KEY_UILaunchStoryboardName = LaunchScreen;
				INFOPLIST_KEY_UIMainStoryboardFile = Main;
				INFOPLIST_KEY_UISupportedInterfaceOrientations_iPad = "UIInterfaceOrientationPortrait UIInterfaceOrientationPortraitUpsideDown UIInterfaceOrientationLandscapeLeft UIInterfaceOrientationLandscapeRight";
				INFOPLIST_KEY_UISupportedInterfaceOrientations_iPhone = "UIInterfaceOrientationPortrait UIInterfaceOrientationLandscapeLeft UIInterfaceOrientationLandscapeRight";
				LD_RUNPATH_SEARCH_PATHS = (
					"$(inherited)",
					"@executable_path/Frameworks",
				);
				MARKETING_VERSION = 1.0;
				PRODUCT_BUNDLE_IDENTIFIER = "id.signal.Multiple-Routes-MapKit";
				PRODUCT_NAME = "$(TARGET_NAME)";
				SWIFT_EMIT_LOC_STRINGS = YES;
				SWIFT_VERSION = 5.0;
				TARGETED_DEVICE_FAMILY = "1,2";
			};
			name = Debug;
		};
		D6329E5929FF5F5300FB2F96 /* Release */ = {
			isa = XCBuildConfiguration;
			buildSettings = {
				ASSETCATALOG_COMPILER_APPICON_NAME = AppIcon;
				ASSETCATALOG_COMPILER_GLOBAL_ACCENT_COLOR_NAME = AccentColor;
				CODE_SIGN_STYLE = Automatic;
				CURRENT_PROJECT_VERSION = 1;
				DEVELOPMENT_TEAM = WPG5J57J5Q;
				GENERATE_INFOPLIST_FILE = YES;
				INFOPLIST_FILE = "Multiple Routes MapKit/Info.plist";
				INFOPLIST_KEY_UIApplicationSupportsIndirectInputEvents = YES;
				INFOPLIST_KEY_UILaunchStoryboardName = LaunchScreen;
				INFOPLIST_KEY_UIMainStoryboardFile = Main;
				INFOPLIST_KEY_UISupportedInterfaceOrientations_iPad = "UIInterfaceOrientationPortrait UIInterfaceOrientationPortraitUpsideDown UIInterfaceOrientationLandscapeLeft UIInterfaceOrientationLandscapeRight";
				INFOPLIST_KEY_UISupportedInterfaceOrientations_iPhone = "UIInterfaceOrientationPortrait UIInterfaceOrientationLandscapeLeft UIInterfaceOrientationLandscapeRight";
				LD_RUNPATH_SEARCH_PATHS = (
					"$(inherited)",
					"@executable_path/Frameworks",
				);
				MARKETING_VERSION = 1.0;
				PRODUCT_BUNDLE_IDENTIFIER = "id.signal.Multiple-Routes-MapKit";
				PRODUCT_NAME = "$(TARGET_NAME)";
				SWIFT_EMIT_LOC_STRINGS = YES;
				SWIFT_VERSION = 5.0;
				TARGETED_DEVICE_FAMILY = "1,2";
			};
			name = Release;
		};
/* End XCBuildConfiguration section */

/* Begin XCConfigurationList section */
		D6329E3B29FF5F5200FB2F96 /* Build configuration list for PBXProject "Multiple Routes MapKit" */ = {
			isa = XCConfigurationList;
			buildConfigurations = (
				D6329E5529FF5F5300FB2F96 /* Debug */,
				D6329E5629FF5F5300FB2F96 /* Release */,
			);
			defaultConfigurationIsVisible = 0;
			defaultConfigurationName = Release;
		};
		D6329E5729FF5F5300FB2F96 /* Build configuration list for PBXNativeTarget "Multiple Routes MapKit" */ = {
			isa = XCConfigurationList;
			buildConfigurations = (
				D6329E5829FF5F5300FB2F96 /* Debug */,
				D6329E5929FF5F5300FB2F96 /* Release */,
			);
			defaultConfigurationIsVisible = 0;
			defaultConfigurationName = Release;
		};
/* End XCConfigurationList section */

/* Begin XCVersionGroup section */
		D6329E4C29FF5F5200FB2F96 /* Multiple_Routes_MapKit.xcdatamodeld */ = {
			isa = XCVersionGroup;
			children = (
				D6329E4D29FF5F5200FB2F96 /* Multiple_Routes_MapKit.xcdatamodel */,
			);
			currentVersion = D6329E4D29FF5F5200FB2F96 /* Multiple_Routes_MapKit.xcdatamodel */;
			path = Multiple_Routes_MapKit.xcdatamodeld;
			sourceTree = "<group>";
			versionGroupType = wrapper.xcdatamodel;
		};
/* End XCVersionGroup section */
	};
	rootObject = D6329E3829FF5F5200FB2F96 /* Project object */;
}
